
Microsoft Visual Studio Solution File, Format Version 12.00
# Visual Studio 15
VisualStudioVersion = 15.0.27703.2047
MinimumVisualStudioVersion = 10.0.40219.1
Project("{FAE04EC0-301F-11D3-BF4B-00C04F79EFBC}") = "Hadidardagar", "Hadidardagar\Hadidardagar.csproj", "{04304F5B-261A-4A0D-A393-00BC5174BB8B}"
EndProject
Global
	GlobalSection(SolutionConfigurationPlatforms) = preSolution
		Debug|Any CPU = Debug|Any CPU
		Release|Any CPU = Release|Any CPU
	EndGlobalSection
	GlobalSection(ProjectConfigurationPlatforms) = postSolution
		{04304F5B-261A-4A0D-A393-00BC5174BB8B}.Debug|Any CPU.ActiveCfg = Debug|Any CPU
		{04304F5B-261A-4A0D-A393-00BC5174BB8B}.Debug|Any CPU.Build.0 = Debug|Any CPU
		{04304F5B-261A-4A0D-A393-00BC5174BB8B}.Release|Any CPU.ActiveCfg = Release|Any CPU
		{04304F5B-261A-4A0D-A393-00BC5174BB8B}.Release|Any CPU.Build.0 = Release|Any CPU
	EndGlobalSection
	GlobalSection(SolutionProperties) = preSolution
		HideSolutionNode = FALSE
	EndGlobalSection
	GlobalSection(ExtensibilityGlobals) = postSolution
		SolutionGuid = {EDBC5977-7072-42C5-9901-3BB35A12B346}
	EndGlobalSection
EndGlobal
